<?xml version="1.0" encoding="utf-8"?>
<Project ToolsVersion="4.0" xmlns="http://schemas.microsoft.com/developer/msbuild/2003">
  <ItemGroup>
    <Filter Include="Source Files">
      <UniqueIdentifier>{4FC737F1-C7A5-4376-A066-2A32D752A2FF}</UniqueIdentifier>
      <Extensions>cpp;c;cc;cxx;c++;cppm;ixx;def;odl;idl;hpj;bat;asm;asmx</Extensions>
    </Filter>
    <Filter Include="Header Files">
      <UniqueIdentifier>{93995380-89BD-4b04-88EB-625FBE52EBFB}</UniqueIdentifier>
      <Extensions>h;hh;hpp;hxx;h++;hm;inl;inc;ipp;xsd</Extensions>
    </Filter>
    <Filter Include="Resource Files">
      <UniqueIdentifier>{67DA6AB6-F800-4c08-8B7A-83BB121AAD01}</UniqueIdentifier>
      <Extensions>rc;ico;cur;bmp;dlg;rc2;rct;bin;rgs;gif;jpg;jpeg;jpe;resx;tiff;tif;png;wav;mfcribbon-ms</Extensions>
    </Filter>
  </ItemGroup>
  <ItemGroup>
    <None Include="packages.config" />
  </ItemGroup>
  <ItemGroup>
    <ClInclude Include="Animation.h">
      <Filter>Header Files</Filter>
    </ClInclude>
    <ClInclude Include="AnimationFrame.h">
      <Filter>Header Files</Filter>
    </ClInclude>
    <ClInclude Include="Animations.h">
      <Filter>Header Files</Filter>
    </ClInclude>
    <ClInclude Include="AssetIDs.h">
      <Filter>Header Files</Filter>
    </ClInclude>
    <ClInclude Include="Brick.h">
      <Filter>Header Files</Filter>
    </ClInclude>
    <ClInclude Include="Coin.h">
      <Filter>Header Files</Filter>
    </ClInclude>
    <ClInclude Include="Collision.h">
      <Filter>Header Files</Filter>
    </ClInclude>
    <ClInclude Include="debug.h">
      <Filter>Header Files</Filter>
    </ClInclude>
    <ClInclude Include="Game.h">
      <Filter>Header Files</Filter>
    </ClInclude>
    <ClInclude Include="GameObject.h">
      <Filter>Header Files</Filter>
    </ClInclude>
    <ClInclude Include="Goomba.h">
      <Filter>Header Files</Filter>
    </ClInclude>
    <ClInclude Include="KeyEventHandler.h">
      <Filter>Header Files</Filter>
    </ClInclude>
    <ClInclude Include="Mario.h">
      <Filter>Header Files</Filter>
    </ClInclude>
    <ClInclude Include="PlayScene.h">
      <Filter>Header Files</Filter>
    </ClInclude>
    <ClInclude Include="Portal.h">
      <Filter>Header Files</Filter>
    </ClInclude>
    <ClInclude Include="Scene.h">
      <Filter>Header Files</Filter>
    </ClInclude>
    <ClInclude Include="Sprite.h">
      <Filter>Header Files</Filter>
    </ClInclude>
    <ClInclude Include="Sprites.h">
      <Filter>Header Files</Filter>
    </ClInclude>
    <ClInclude Include="Texture.h">
      <Filter>Header Files</Filter>
    </ClInclude>
    <ClInclude Include="Textures.h">
      <Filter>Header Files</Filter>
    </ClInclude>
    <ClInclude Include="Utils.h">
      <Filter>Header Files</Filter>
    </ClInclude>
    <ClInclude Include="Mushroom.h">
      <Filter>Header Files</Filter>
    </ClInclude>
    <ClInclude Include="QBlock.h">
      <Filter>Header Files</Filter>
    </ClInclude>
    <ClInclude Include="Platform.h">
      <Filter>Header Files</Filter>
    </ClInclude>
    <ClInclude Include="Pipe.h">
      <Filter>Header Files</Filter>
    </ClInclude>
    <ClInclude Include="ColorBlock.h">
      <Filter>Header Files</Filter>
    </ClInclude>
    <ClInclude Include="Environment.h">
      <Filter>Header Files</Filter>
    </ClInclude>
    <ClInclude Include="Plant.h">
      <Filter>Header Files</Filter>
    </ClInclude>
    <ClInclude Include="PlantFireBall.h">
      <Filter>Header Files</Filter>
    </ClInclude>
    <ClInclude Include="Koopas.h">
      <Filter>Header Files</Filter>
    </ClInclude>
  </ItemGroup>
  <ItemGroup>
    <ClCompile Include="Animation.cpp">
      <Filter>Source Files</Filter>
    </ClCompile>
    <ClCompile Include="Animations.cpp">
      <Filter>Source Files</Filter>
    </ClCompile>
    <ClCompile Include="Brick.cpp">
      <Filter>Source Files</Filter>
    </ClCompile>
    <ClCompile Include="Coin.cpp">
      <Filter>Source Files</Filter>
    </ClCompile>
    <ClCompile Include="Collision.cpp">
      <Filter>Source Files</Filter>
    </ClCompile>
    <ClCompile Include="debug.cpp">
      <Filter>Source Files</Filter>
    </ClCompile>
    <ClCompile Include="Game.cpp">
      <Filter>Source Files</Filter>
    </ClCompile>
    <ClCompile Include="GameObject.cpp">
      <Filter>Source Files</Filter>
    </ClCompile>
    <ClCompile Include="Goomba.cpp">
      <Filter>Source Files</Filter>
    </ClCompile>
    <ClCompile Include="main.cpp">
      <Filter>Source Files</Filter>
    </ClCompile>
    <ClCompile Include="Mario.cpp">
      <Filter>Source Files</Filter>
    </ClCompile>
    <ClCompile Include="Platform.cpp">
      <Filter>Source Files</Filter>
    </ClCompile>
    <ClCompile Include="PlayScene.cpp">
      <Filter>Source Files</Filter>
    </ClCompile>
    <ClCompile Include="Portal.cpp">
      <Filter>Source Files</Filter>
    </ClCompile>
    <ClCompile Include="SampleKeyEventHandler.cpp">
      <Filter>Source Files</Filter>
    </ClCompile>
    <ClCompile Include="Sprite.cpp">
      <Filter>Source Files</Filter>
    </ClCompile>
    <ClCompile Include="Sprites.cpp">
      <Filter>Source Files</Filter>
    </ClCompile>
    <ClCompile Include="Textures.cpp">
      <Filter>Source Files</Filter>
    </ClCompile>
    <ClCompile Include="Utils.cpp">
      <Filter>Source Files</Filter>
    </ClCompile>
    <ClCompile Include="Mushroom.cpp">
      <Filter>Source Files</Filter>
    </ClCompile>
    <ClCompile Include="QBlock.cpp">
      <Filter>Source Files</Filter>
    </ClCompile>
    <ClCompile Include="Pipe.cpp">
      <Filter>Source Files</Filter>
    </ClCompile>
    <ClCompile Include="ColorBlock.cpp">
      <Filter>Source Files</Filter>
    </ClCompile>
    <ClCompile Include="Environment.cpp">
      <Filter>Source Files</Filter>
    </ClCompile>
    <ClCompile Include="Scene.cpp">
      <Filter>Source Files</Filter>
    </ClCompile>
    <ClCompile Include="Plant.cpp">
      <Filter>Source Files</Filter>
    </ClCompile>
    <ClCompile Include="PlantFireBall.cpp">
      <Filter>Source Files</Filter>
    </ClCompile>
    <ClCompile Include="Koopas.cpp">
      <Filter>Source Files</Filter>
    </ClCompile>
  </ItemGroup>
  <ItemGroup>
    <Text Include="brick.txt">
      <Filter>Source Files</Filter>
    </Text>
    <Text Include="cloud.txt">
      <Filter>Source Files</Filter>
    </Text>
    <Text Include="coin.txt">
      <Filter>Source Files</Filter>
    </Text>
    <Text Include="colorblock.txt">
      <Filter>Source Files</Filter>
    </Text>
    <Text Include="environment.txt">
      <Filter>Source Files</Filter>
    </Text>
    <Text Include="goomba.txt">
      <Filter>Source Files</Filter>
    </Text>
    <Text Include="mario.txt">
      <Filter>Source Files</Filter>
    </Text>
    <Text Include="mario-sample.txt">
      <Filter>Source Files</Filter>
    </Text>
    <Text Include="mushroom.txt">
      <Filter>Source Files</Filter>
    </Text>
    <Text Include="pipe.txt">
      <Filter>Source Files</Filter>
    </Text>
    <Text Include="qblock.txt">
      <Filter>Source Files</Filter>
    </Text>
    <Text Include="scene01.txt">
      <Filter>Source Files</Filter>
    </Text>
    <Text Include="world1-1.txt">
      <Filter>Source Files</Filter>
    </Text>
    <Text Include="plant.txt">
      <Filter>Source Files</Filter>
    </Text>
    <Text Include="plantfireball.txt">
      <Filter>Source Files</Filter>
    </Text>
    <Text Include="koopas.txt">
      <Filter>Source Files</Filter>
    </Text>
  </ItemGroup>
</Project>